{
  "name": "@ffmpeg/ffmpeg",
  "version": "0.1.0",
  "lockfileVersion": 1,
  "requires": true,
  "dependencies": {
    "@ffmpeg/core": {
      "version": "0.1.0",
      "resolved": "https://registry.npmjs.org/@ffmpeg/core/-/core-0.1.0.tgz",
      "integrity": "sha512-a4/HokRytKFJDW+RVvuf22rUzjNgXZKhlF6FIVBcLACIDcCEQZ0uCUC+5DZb+xprCvdMyXm0wy90uoYLRTq+LA=="
    }
  }
}
